// !$*UTF8*$!
{
	archiveVersion = 1;
	classes = {
	};
	objectVersion = 48;
	objects = {

/* Begin PBXBuildFile section */
		6C7A48065AD37D8A835D0B5F /* Pods_FGFS_Controller.framework in Frameworks */ = {isa = PBXBuildFile; fileRef = A41621FF15D48F76D6C81331 /* Pods_FGFS_Controller.framework */; };
		89849CC41FBA58CB000E608A /* AppDelegate.swift in Sources */ = {isa = PBXBuildFile; fileRef = 89849CC31FBA58CB000E608A /* AppDelegate.swift */; };
		89849CC61FBA58CB000E608A /* ViewController.swift in Sources */ = {isa = PBXBuildFile; fileRef = 89849CC51FBA58CB000E608A /* ViewController.swift */; };
		89849CC91FBA58CB000E608A /* Main.storyboard in Resources */ = {isa = PBXBuildFile; fileRef = 89849CC71FBA58CB000E608A /* Main.storyboard */; };
		89849CCB1FBA58CB000E608A /* Assets.xcassets in Resources */ = {isa = PBXBuildFile; fileRef = 89849CCA1FBA58CB000E608A /* Assets.xcassets */; };
		89849CCE1FBA58CB000E608A /* LaunchScreen.storyboard in Resources */ = {isa = PBXBuildFile; fileRef = 89849CCC1FBA58CB000E608A /* LaunchScreen.storyboard */; };
		89849CD91FBA58CB000E608A /* FGFS_ControllerTests.swift in Sources */ = {isa = PBXBuildFile; fileRef = 89849CD81FBA58CB000E608A /* FGFS_ControllerTests.swift */; };
/* End PBXBuildFile section */

/* Begin PBXContainerItemProxy section */
		89849CD51FBA58CB000E608A /* PBXContainerItemProxy */ = {
			isa = PBXContainerItemProxy;
			containerPortal = 89849CB81FBA58CB000E608A /* Project object */;
			proxyType = 1;
			remoteGlobalIDString = 89849CBF1FBA58CB000E608A;
			remoteInfo = "FGFS Controller";
		};
/* End PBXContainerItemProxy section */

/* Begin PBXFileReference section */
		89849CC01FBA58CB000E608A /* FGFS Controller.app */ = {isa = PBXFileReference; explicitFileType = wrapper.application; includeInIndex = 0; path = "FGFS Controller.app"; sourceTree = BUILT_PRODUCTS_DIR; };
		89849CC31FBA58CB000E608A /* AppDelegate.swift */ = {isa = PBXFileReference; lastKnownFileType = sourcecode.swift; path = AppDelegate.swift; sourceTree = "<group>"; };
		89849CC51FBA58CB000E608A /* ViewController.swift */ = {isa = PBXFileReference; lastKnownFileType = sourcecode.swift; path = ViewController.swift; sourceTree = "<group>"; };
		89849CC81FBA58CB000E608A /* Base */ = {isa = PBXFileReference; lastKnownFileType = file.storyboard; name = Base; path = Base.lproj/Main.storyboard; sourceTree = "<group>"; };
		89849CCA1FBA58CB000E608A /* Assets.xcassets */ = {isa = PBXFileReference; lastKnownFileType = folder.assetcatalog; path = Assets.xcassets; sourceTree = "<group>"; };
		89849CCD1FBA58CB000E608A /* Base */ = {isa = PBXFileReference; lastKnownFileType = file.storyboard; name = Base; path = Base.lproj/LaunchScreen.storyboard; sourceTree = "<group>"; };
		89849CCF1FBA58CB000E608A /* Info.plist */ = {isa = PBXFileReference; lastKnownFileType = text.plist.xml; path = Info.plist; sourceTree = "<group>"; };
		89849CD41FBA58CB000E608A /* FGFS ControllerTests.xctest */ = {isa = PBXFileReference; explicitFileType = wrapper.cfbundle; includeInIndex = 0; path = "FGFS ControllerTests.xctest"; sourceTree = BUILT_PRODUCTS_DIR; };
		89849CD81FBA58CB000E608A /* FGFS_ControllerTests.swift */ = {isa = PBXFileReference; lastKnownFileType = sourcecode.swift; path = FGFS_ControllerTests.swift; sourceTree = "<group>"; };
		89849CDA1FBA58CB000E608A /* Info.plist */ = {isa = PBXFileReference; lastKnownFileType = text.plist.xml; path = Info.plist; sourceTree = "<group>"; };
		A41621FF15D48F76D6C81331 /* Pods_FGFS_Controller.framework */ = {isa = PBXFileReference; explicitFileType = wrapper.framework; includeInIndex = 0; path = Pods_FGFS_Controller.framework; sourceTree = BUILT_PRODUCTS_DIR; };
		BF51C35F58ED434A48E7707A /* Pods-FGFS Controller.release.xcconfig */ = {isa = PBXFileReference; includeInIndex = 1; lastKnownFileType = text.xcconfig; name = "Pods-FGFS Controller.release.xcconfig"; path = "Pods/Target Support Files/Pods-FGFS Controller/Pods-FGFS Controller.release.xcconfig"; sourceTree = "<group>"; };
		E6A83CF8290C49BA0FF79F63 /* Pods-FGFS Controller.debug.xcconfig */ = {isa = PBXFileReference; includeInIndex = 1; lastKnownFileType = text.xcconfig; name = "Pods-FGFS Controller.debug.xcconfig"; path = "Pods/Target Support Files/Pods-FGFS Controller/Pods-FGFS Controller.debug.xcconfig"; sourceTree = "<group>"; };
/* End PBXFileReference section */

/* Begin PBXFrameworksBuildPhase section */
		89849CBD1FBA58CB000E608A /* Frameworks */ = {
			isa = PBXFrameworksBuildPhase;
			buildActionMask = 2147483647;
			files = (
				6C7A48065AD37D8A835D0B5F /* Pods_FGFS_Controller.framework in Frameworks */,
			);
			runOnlyForDeploymentPostprocessing = 0;
		};
		89849CD11FBA58CB000E608A /* Frameworks */ = {
			isa = PBXFrameworksBuildPhase;
			buildActionMask = 2147483647;
			files = (
			);
			runOnlyForDeploymentPostprocessing = 0;
		};
/* End PBXFrameworksBuildPhase section */

/* Begin PBXGroup section */
		30A55796490FBB1CD4481593 /* Pods */ = {
			isa = PBXGroup;
			children = (
				E6A83CF8290C49BA0FF79F63 /* Pods-FGFS Controller.debug.xcconfig */,
				BF51C35F58ED434A48E7707A /* Pods-FGFS Controller.release.xcconfig */,
			);
			name = Pods;
			sourceTree = "<group>";
		};
		89849CB71FBA58CB000E608A = {
			isa = PBXGroup;
			children = (
				89849CC21FBA58CB000E608A /* FGFS Controller */,
				89849CD71FBA58CB000E608A /* FGFS ControllerTests */,
				89849CC11FBA58CB000E608A /* Products */,
				30A55796490FBB1CD4481593 /* Pods */,
				A558B2F67F27D427721BD3FD /* Frameworks */,
			);
			sourceTree = "<group>";
		};
		89849CC11FBA58CB000E608A /* Products */ = {
			isa = PBXGroup;
			children = (
				89849CC01FBA58CB000E608A /* FGFS Controller.app */,
				89849CD41FBA58CB000E608A /* FGFS ControllerTests.xctest */,
			);
			name = Products;
			sourceTree = "<group>";
		};
		89849CC21FBA58CB000E608A /* FGFS Controller */ = {
			isa = PBXGroup;
			children = (
				89849CC31FBA58CB000E608A /* AppDelegate.swift */,
				89849CC51FBA58CB000E608A /* ViewController.swift */,
				89849CC71FBA58CB000E608A /* Main.storyboard */,
				89849CCA1FBA58CB000E608A /* Assets.xcassets */,
				89849CCC1FBA58CB000E608A /* LaunchScreen.storyboard */,
				89849CCF1FBA58CB000E608A /* Info.plist */,
			);
			path = "FGFS Controller";
			sourceTree = "<group>";
		};
		89849CD71FBA58CB000E608A /* FGFS ControllerTests */ = {
			isa = PBXGroup;
			children = (
				89849CD81FBA58CB000E608A /* FGFS_ControllerTests.swift */,
				89849CDA1FBA58CB000E608A /* Info.plist */,
			);
			path = "FGFS ControllerTests";
			sourceTree = "<group>";
		};
		A558B2F67F27D427721BD3FD /* Frameworks */ = {
			isa = PBXGroup;
			children = (
				A41621FF15D48F76D6C81331 /* Pods_FGFS_Controller.framework */,
			);
			name = Frameworks;
			sourceTree = "<group>";
		};
/* End PBXGroup section */

/* Begin PBXNativeTarget section */
		89849CBF1FBA58CB000E608A /* FGFS Controller */ = {
			isa = PBXNativeTarget;
			buildConfigurationList = 89849CDD1FBA58CC000E608A /* Build configuration list for PBXNativeTarget "FGFS Controller" */;
			buildPhases = (
				4586AFCFDA582E7C6A54BE74 /* [CP] Check Pods Manifest.lock */,
				89849CBC1FBA58CB000E608A /* Sources */,
				89849CBD1FBA58CB000E608A /* Frameworks */,
				89849CBE1FBA58CB000E608A /* Resources */,
				58812043E94E4BCBA42BA848 /* [CP] Embed Pods Frameworks */,
				758DFA4CF1677C2D0151515B /* [CP] Copy Pods Resources */,
			);
			buildRules = (
			);
			dependencies = (
			);
			name = "FGFS Controller";
			productName = "FGFS Controller";
			productReference = 89849CC01FBA58CB000E608A /* FGFS Controller.app */;
			productType = "com.apple.product-type.application";
		};
		89849CD31FBA58CB000E608A /* FGFS ControllerTests */ = {
			isa = PBXNativeTarget;
			buildConfigurationList = 89849CE01FBA58CC000E608A /* Build configuration list for PBXNativeTarget "FGFS ControllerTests" */;
			buildPhases = (
				89849CD01FBA58CB000E608A /* Sources */,
				89849CD11FBA58CB000E608A /* Frameworks */,
				89849CD21FBA58CB000E608A /* Resources */,
			);
			buildRules = (
			);
			dependencies = (
				89849CD61FBA58CB000E608A /* PBXTargetDependency */,
			);
			name = "FGFS ControllerTests";
			productName = "FGFS ControllerTests";
			productReference = 89849CD41FBA58CB000E608A /* FGFS ControllerTests.xctest */;
			productType = "com.apple.product-type.bundle.unit-test";
		};
/* End PBXNativeTarget section */

/* Begin PBXProject section */
		89849CB81FBA58CB000E608A /* Project object */ = {
			isa = PBXProject;
			attributes = {
				LastSwiftUpdateCheck = 0910;
				LastUpgradeCheck = 0910;
				ORGANIZATIONNAME = "李宵逸";
				TargetAttributes = {
					89849CBF1FBA58CB000E608A = {
						CreatedOnToolsVersion = 9.1;
						ProvisioningStyle = Automatic;
					};
					89849CD31FBA58CB000E608A = {
						CreatedOnToolsVersion = 9.1;
						ProvisioningStyle = Automatic;
						TestTargetID = 89849CBF1FBA58CB000E608A;
					};
				};
			};
			buildConfigurationList = 89849CBB1FBA58CB000E608A /* Build configuration list for PBXProject "FGFS Controller" */;
			compatibilityVersion = "Xcode 8.0";
			developmentRegion = en;
			hasScannedForEncodings = 0;
			knownRegions = (
				en,
				Base,
			);
			mainGroup = 89849CB71FBA58CB000E608A;
			productRefGroup = 89849CC11FBA58CB000E608A /* Products */;
			projectDirPath = "";
			projectRoot = "";
			targets = (
				89849CBF1FBA58CB000E608A /* FGFS Controller */,
				89849CD31FBA58CB000E608A /* FGFS ControllerTests */,
			);
		};
/* End PBXProject section */

/* Begin PBXResourcesBuildPhase section */
		89849CBE1FBA58CB000E608A /* Resources */ = {
			isa = PBXResourcesBuildPhase;
			buildActionMask = 2147483647;
			files = (
				89849CCE1FBA58CB000E608A /* LaunchScreen.storyboard in Resources */,
				89849CCB1FBA58CB000E608A /* Assets.xcassets in Resources */,
				89849CC91FBA58CB000E608A /* Main.storyboard in Resources */,
			);
			runOnlyForDeploymentPostprocessing = 0;
		};
		89849CD21FBA58CB000E608A /* Resources */ = {
			isa = PBXResourcesBuildPhase;
			buildActionMask = 2147483647;
			files = (
			);
			runOnlyForDeploymentPostprocessing = 0;
		};
/* End PBXResourcesBuildPhase section */

/* Begin PBXShellScriptBuildPhase section */
		4586AFCFDA582E7C6A54BE74 /* [CP] Check Pods Manifest.lock */ = {
			isa = PBXShellScriptBuildPhase;
			buildActionMask = 2147483647;
			files = (
			);
			inputPaths = (
				"${PODS_PODFILE_DIR_PATH}/Podfile.lock",
				"${PODS_ROOT}/Manifest.lock",
			);
			name = "[CP] Check Pods Manifest.lock";
			outputPaths = (
				"$(DERIVED_FILE_DIR)/Pods-FGFS Controller-checkManifestLockResult.txt",
			);
			runOnlyForDeploymentPostprocessing = 0;
			shellPath = /bin/sh;
			shellScript = "diff \"${PODS_PODFILE_DIR_PATH}/Podfile.lock\" \"${PODS_ROOT}/Manifest.lock\" > /dev/null\nif [ $? != 0 ] ; then\n    # print error to STDERR\n    echo \"error: The sandbox is not in sync with the Podfile.lock. Run 'pod install' or update your CocoaPods installation.\" >&2\n    exit 1\nfi\n# This output is used by Xcode 'outputs' to avoid re-running this script phase.\necho \"SUCCESS\" > \"${SCRIPT_OUTPUT_FILE_0}\"\n";
			showEnvVarsInLog = 0;
		};
		58812043E94E4BCBA42BA848 /* [CP] Embed Pods Frameworks */ = {
			isa = PBXShellScriptBuildPhase;
			buildActionMask = 2147483647;
			files = (
			);
			inputPaths = (
				"${SRCROOT}/Pods/Target Support Files/Pods-FGFS Controller/Pods-FGFS Controller-frameworks.sh",
				"${BUILT_PRODUCTS_DIR}/SwiftSocket/SwiftSocket.framework",
			);
			name = "[CP] Embed Pods Frameworks";
			outputPaths = (
				"${TARGET_BUILD_DIR}/${FRAMEWORKS_FOLDER_PATH}/SwiftSocket.framework",
			);
			runOnlyForDeploymentPostprocessing = 0;
			shellPath = /bin/sh;
			shellScript = "\"${SRCROOT}/Pods/Target Support Files/Pods-FGFS Controller/Pods-FGFS Controller-frameworks.sh\"\n";
			showEnvVarsInLog = 0;
		};
		758DFA4CF1677C2D0151515B /* [CP] Copy Pods Resources */ = {
			isa = PBXShellScriptBuildPhase;
			buildActionMask = 2147483647;
			files = (
			);
			inputPaths = (
			);
			name = "[CP] Copy Pods Resources";
			outputPaths = (
			);
			runOnlyForDeploymentPostprocessing = 0;
			shellPath = /bin/sh;
			shellScript = "\"${SRCROOT}/Pods/Target Support Files/Pods-FGFS Controller/Pods-FGFS Controller-resources.sh\"\n";
			showEnvVarsInLog = 0;
		};
/* End PBXShellScriptBuildPhase section */

/* Begin PBXSourcesBuildPhase section */
		89849CBC1FBA58CB000E608A /* Sources */ = {
			isa = PBXSourcesBuildPhase;
			buildActionMask = 2147483647;
			files = (
				89849CC61FBA58CB000E608A /* ViewController.swift in Sources */,
				89849CC41FBA58CB000E608A /* AppDelegate.swift in Sources */,
			);
			runOnlyForDeploymentPostprocessing = 0;
		};
		89849CD01FBA58CB000E608A /* Sources */ = {
			isa = PBXSourcesBuildPhase;
			buildActionMask = 2147483647;
			files = (
				89849CD91FBA58CB000E608A /* FGFS_ControllerTests.swift in Sources */,
			);
			runOnlyForDeploymentPostprocessing = 0;
		};
/* End PBXSourcesBuildPhase section */

/* Begin PBXTargetDependency section */
		89849CD61FBA58CB000E608A /* PBXTargetDependency */ = {
			isa = PBXTargetDependency;
			target = 89849CBF1FBA58CB000E608A /* FGFS Controller */;
			targetProxy = 89849CD51FBA58CB000E608A /* PBXContainerItemProxy */;
		};
/* End PBXTargetDependency section */

/* Begin PBXVariantGroup section */
		89849CC71FBA58CB000E608A /* Main.storyboard */ = {
			isa = PBXVariantGroup;
			children = (
				89849CC81FBA58CB000E608A /* Base */,
			);
			name = Main.storyboard;
			sourceTree = "<group>";
		};
		89849CCC1FBA58CB000E608A /* LaunchScreen.storyboard */ = {
			isa = PBXVariantGroup;
			children = (
				89849CCD1FBA58CB000E608A /* Base */,
			);
			name = LaunchScreen.storyboard;
			sourceTree = "<group>";
		};
/* End PBXVariantGroup section */

/* Begin XCBuildConfiguration section */
		89849CDB1FBA58CC000E608A /* Debug */ = {
			isa = XCBuildConfiguration;
			buildSettings = {
				ALWAYS_SEARCH_USER_PATHS = NO;
				CLANG_ANALYZER_NONNULL = YES;
				CLANG_ANALYZER_NUMBER_OBJECT_CONVERSION = YES_AGGRESSIVE;
				CLANG_CXX_LANGUAGE_STANDARD = "gnu++14";
				CLANG_CXX_LIBRARY = "libc++";
				CLANG_ENABLE_MODULES = YES;
				CLANG_ENABLE_OBJC_ARC = YES;
				CLANG_WARN_BLOCK_CAPTURE_AUTORELEASING = YES;
				CLANG_WARN_BOOL_CONVERSION = YES;
				CLANG_WARN_COMMA = YES;
				CLANG_WARN_CONSTANT_CONVERSION = YES;
				CLANG_WARN_DIRECT_OBJC_ISA_USAGE = YES_ERROR;
				CLANG_WARN_DOCUMENTATION_COMMENTS = YES;
				CLANG_WARN_EMPTY_BODY = YES;
				CLANG_WARN_ENUM_CONVERSION = YES;
				CLANG_WARN_INFINITE_RECURSION = YES;
				CLANG_WARN_INT_CONVERSION = YES;
				CLANG_WARN_NON_LITERAL_NULL_CONVERSION = YES;
				CLANG_WARN_OBJC_LITERAL_CONVERSION = YES;
				CLANG_WARN_OBJC_ROOT_CLASS = YES_ERROR;
				CLANG_WARN_RANGE_LOOP_ANALYSIS = YES;
				CLANG_WARN_STRICT_PROTOTYPES = YES;
				CLANG_WARN_SUSPICIOUS_MOVE = YES;
				CLANG_WARN_UNGUARDED_AVAILABILITY = YES_AGGRESSIVE;
				CLANG_WARN_UNREACHABLE_CODE = YES;
				CLANG_WARN__DUPLICATE_METHOD_MATCH = YES;
				CODE_SIGN_IDENTITY = "iPhone Developer";
				COPY_PHASE_STRIP = NO;
				DEBUG_INFORMATION_FORMAT = dwarf;
				ENABLE_STRICT_OBJC_MSGSEND = YES;
				ENABLE_TESTABILITY = YES;
				GCC_C_LANGUAGE_STANDARD = gnu11;
				GCC_DYNAMIC_NO_PIC = NO;
				GCC_NO_COMMON_BLOCKS = YES;
				GCC_OPTIMIZATION_LEVEL = 0;
				GCC_PREPROCESSOR_DEFINITIONS = (
					"DEBUG=1",
					"$(inherited)",
				);
				GCC_WARN_64_TO_32_BIT_CONVERSION = YES;
				GCC_WARN_ABOUT_RETURN_TYPE = YES_ERROR;
				GCC_WARN_UNDECLARED_SELECTOR = YES;
				GCC_WARN_UNINITIALIZED_AUTOS = YES_AGGRESSIVE;
				GCC_WARN_UNUSED_FUNCTION = YES;
				GCC_WARN_UNUSED_VARIABLE = YES;
				IPHONEOS_DEPLOYMENT_TARGET = 11.1;
				MTL_ENABLE_DEBUG_INFO = YES;
				ONLY_ACTIVE_ARCH = YES;
				SDKROOT = iphoneos;
				SWIFT_ACTIVE_COMPILATION_CONDITIONS = DEBUG;
				SWIFT_OPTIMIZATION_LEVEL = "-Onone";
			};
			name = Debug;
		};
		89849CDC1FBA58CC000E608A /* Release */ = {
			isa = XCBuildConfiguration;
			buildSettings = {
				ALWAYS_SEARCH_USER_PATHS = NO;
				CLANG_ANALYZER_NONNULL = YES;
				CLANG_ANALYZER_NUMBER_OBJECT_CONVERSION = YES_AGGRESSIVE;
				CLANG_CXX_LANGUAGE_STANDARD = "gnu++14";
				CLANG_CXX_LIBRARY = "libc++";
				CLANG_ENABLE_MODULES = YES;
				CLANG_ENABLE_OBJC_ARC = YES;
				CLANG_WARN_BLOCK_CAPTURE_AUTORELEASING = YES;
				CLANG_WARN_BOOL_CONVERSION = YES;
				CLANG_WARN_COMMA = YES;
				CLANG_WARN_CONSTANT_CONVERSION = YES;
				CLANG_WARN_DIRECT_OBJC_ISA_USAGE = YES_ERROR;
				CLANG_WARN_DOCUMENTATION_COMMENTS = YES;
				CLANG_WARN_EMPTY_BODY = YES;
				CLANG_WARN_ENUM_CONVERSION = YES;
				CLANG_WARN_INFINITE_RECURSION = YES;
				CLANG_WARN_INT_CONVERSION = YES;
				CLANG_WARN_NON_LITERAL_NULL_CONVERSION = YES;
				CLANG_WARN_OBJC_LITERAL_CONVERSION = YES;
				CLANG_WARN_OBJC_ROOT_CLASS = YES_ERROR;
				CLANG_WARN_RANGE_LOOP_ANALYSIS = YES;
				CLANG_WARN_STRICT_PROTOTYPES = YES;
				CLANG_WARN_SUSPICIOUS_MOVE = YES;
				CLANG_WARN_UNGUARDED_AVAILABILITY = YES_AGGRESSIVE;
				CLANG_WARN_UNREACHABLE_CODE = YES;
				CLANG_WARN__DUPLICATE_METHOD_MATCH = YES;
				CODE_SIGN_IDENTITY = "iPhone Developer";
				COPY_PHASE_STRIP = NO;
				DEBUG_INFORMATION_FORMAT = "dwarf-with-dsym";
				ENABLE_NS_ASSERTIONS = NO;
				ENABLE_STRICT_OBJC_MSGSEND = YES;
				GCC_C_LANGUAGE_STANDARD = gnu11;
				GCC_NO_COMMON_BLOCKS = YES;
				GCC_WARN_64_TO_32_BIT_CONVERSION = YES;
				GCC_WARN_ABOUT_RETURN_TYPE = YES_ERROR;
				GCC_WARN_UNDECLARED_SELECTOR = YES;
				GCC_WARN_UNINITIALIZED_AUTOS = YES_AGGRESSIVE;
				GCC_WARN_UNUSED_FUNCTION = YES;
				GCC_WARN_UNUSED_VARIABLE = YES;
				IPHONEOS_DEPLOYMENT_TARGET = 11.1;
				MTL_ENABLE_DEBUG_INFO = NO;
				SDKROOT = iphoneos;
				SWIFT_OPTIMIZATION_LEVEL = "-Owholemodule";
				VALIDATE_PRODUCT = YES;
			};
			name = Release;
		};
		89849CDE1FBA58CC000E608A /* Debug */ = {
			isa = XCBuildConfiguration;
			baseConfigurationReference = E6A83CF8290C49BA0FF79F63 /* Pods-FGFS Controller.debug.xcconfig */;
			buildSettings = {
				ASSETCATALOG_COMPILER_APPICON_NAME = AppIcon;
				CODE_SIGN_STYLE = Automatic;
				DEVELOPMENT_TEAM = "";
				INFOPLIST_FILE = "FGFS Controller/Info.plist";
				LD_RUNPATH_SEARCH_PATHS = "$(inherited) @executable_path/Frameworks";
				PRODUCT_BUNDLE_IDENTIFIER = "lxylxy123456.FGFS-Controller";
				PRODUCT_NAME = "$(TARGET_NAME)";
				SWIFT_VERSION = 4.0;
				TARGETED_DEVICE_FAMILY = "1,2";
			};
			name = Debug;
		};
		89849CDF1FBA58CC000E608A /* Release */ = {
			isa = XCBuildConfiguration;
			baseConfigurationReference = BF51C35F58ED434A48E7707A /* Pods-FGFS Controller.release.xcconfig */;
			buildSettings = {
				ASSETCATALOG_COMPILER_APPICON_NAME = AppIcon;
				CODE_SIGN_STYLE = Automatic;
				DEVELOPMENT_TEAM = "";
				INFOPLIST_FILE = "FGFS Controller/Info.plist";
				LD_RUNPATH_SEARCH_PATHS = "$(inherited) @executable_path/Frameworks";
				PRODUCT_BUNDLE_IDENTIFIER = "lxylxy123456.FGFS-Controller";
				PRODUCT_NAME = "$(TARGET_NAME)";
				SWIFT_VERSION = 4.0;
				TARGETED_DEVICE_FAMILY = "1,2";
			};
			name = Release;
		};
		89849CE11FBA58CC000E608A /* Debug */ = {
			isa = XCBuildConfiguration;
			buildSettings = {
				ALWAYS_EMBED_SWIFT_STANDARD_LIBRARIES = YES;
				BUNDLE_LOADER = "$(TEST_HOST)";
				CODE_SIGN_STYLE = Automatic;
				INFOPLIST_FILE = "FGFS ControllerTests/Info.plist";
				LD_RUNPATH_SEARCH_PATHS = "$(inherited) @executable_path/Frameworks @loader_path/Frameworks";
				PRODUCT_BUNDLE_IDENTIFIER = "lxylxy123456.FGFS-ControllerTests";
				PRODUCT_NAME = "$(TARGET_NAME)";
				SWIFT_VERSION = 4.0;
				TARGETED_DEVICE_FAMILY = "1,2";
				TEST_HOST = "$(BUILT_PRODUCTS_DIR)/FGFS Controller.app/FGFS Controller";
			};
			name = Debug;
		};
		89849CE21FBA58CC000E608A /* Release */ = {
			isa = XCBuildConfiguration;
			buildSettings = {
				ALWAYS_EMBED_SWIFT_STANDARD_LIBRARIES = YES;
				BUNDLE_LOADER = "$(TEST_HOST)";
				CODE_SIGN_STYLE = Automatic;
				INFOPLIST_FILE = "FGFS ControllerTests/Info.plist";
				LD_RUNPATH_SEARCH_PATHS = "$(inherited) @executable_path/Frameworks @loader_path/Frameworks";
				PRODUCT_BUNDLE_IDENTIFIER = "lxylxy123456.FGFS-ControllerTests";
				PRODUCT_NAME = "$(TARGET_NAME)";
				SWIFT_VERSION = 4.0;
				TARGETED_DEVICE_FAMILY = "1,2";
				TEST_HOST = "$(BUILT_PRODUCTS_DIR)/FGFS Controller.app/FGFS Controller";
			};
			name = Release;
		};
/* End XCBuildConfiguration section */

/* Begin XCConfigurationList section */
		89849CBB1FBA58CB000E608A /* Build configuration list for PBXProject "FGFS Controller" */ = {
			isa = XCConfigurationList;
			buildConfigurations = (
				89849CDB1FBA58CC000E608A /* Debug */,
				89849CDC1FBA58CC000E608A /* Release */,
			);
			defaultConfigurationIsVisible = 0;
			defaultConfigurationName = Release;
		};
		89849CDD1FBA58CC000E608A /* Build configuration list for PBXNativeTarget "FGFS Controller" */ = {
			isa = XCConfigurationList;
			buildConfigurations = (
				89849CDE1FBA58CC000E608A /* Debug */,
				89849CDF1FBA58CC000E608A /* Release */,
			);
			defaultConfigurationIsVisible = 0;
			defaultConfigurationName = Release;
		};
		89849CE01FBA58CC000E608A /* Build configuration list for PBXNativeTarget "FGFS ControllerTests" */ = {
			isa = XCConfigurationList;
			buildConfigurations = (
				89849CE11FBA58CC000E608A /* Debug */,
				89849CE21FBA58CC000E608A /* Release */,
			);
			defaultConfigurationIsVisible = 0;
			defaultConfigurationName = Release;
		};
/* End XCConfigurationList section */
	};
	rootObject = 89849CB81FBA58CB000E608A /* Project object */;
}
